// !$*UTF8*$!
{
	archiveVersion = 1;
	classes = {
	};
	objectVersion = 55;
	objects = {

/* Begin PBXBuildFile section */
		BD149DCB278B31DC009AA416 /* TabBarItem.swift in Sources */ = {isa = PBXBuildFile; fileRef = BD149DCA278B31DC009AA416 /* TabBarItem.swift */; };
		BD149DCD278B3369009AA416 /* TabBarController.swift in Sources */ = {isa = PBXBuildFile; fileRef = BD149DCC278B3369009AA416 /* TabBarController.swift */; };
		BD515E39278770C5003BD5A4 /* AppDelegate.swift in Sources */ = {isa = PBXBuildFile; fileRef = BD515E38278770C5003BD5A4 /* AppDelegate.swift */; };
		BD515E3B278770C5003BD5A4 /* SceneDelegate.swift in Sources */ = {isa = PBXBuildFile; fileRef = BD515E3A278770C5003BD5A4 /* SceneDelegate.swift */; };
		BD515E42278770C7003BD5A4 /* Assets.xcassets in Resources */ = {isa = PBXBuildFile; fileRef = BD515E41278770C7003BD5A4 /* Assets.xcassets */; };
		BD515E45278770C7003BD5A4 /* LaunchScreen.storyboard in Resources */ = {isa = PBXBuildFile; fileRef = BD515E43278770C7003BD5A4 /* LaunchScreen.storyboard */; };
		BD515E6D27877837003BD5A4 /* SplashViewController.swift in Sources */ = {isa = PBXBuildFile; fileRef = BD515E6C27877837003BD5A4 /* SplashViewController.swift */; };
		BD515E6F2787784D003BD5A4 /* BaseViewController.swift in Sources */ = {isa = PBXBuildFile; fileRef = BD515E6E2787784D003BD5A4 /* BaseViewController.swift */; };
		BD515E72278778F9003BD5A4 /* SampleViewController.swift in Sources */ = {isa = PBXBuildFile; fileRef = BD515E70278778F9003BD5A4 /* SampleViewController.swift */; };
		BD515E73278778F9003BD5A4 /* SampleViewController.xib in Resources */ = {isa = PBXBuildFile; fileRef = BD515E71278778F9003BD5A4 /* SampleViewController.xib */; };
		BD515E8327877F0E003BD5A4 /* Moya in Frameworks */ = {isa = PBXBuildFile; productRef = BD515E8227877F0E003BD5A4 /* Moya */; };
		BD515E8927877F9C003BD5A4 /* SnapKit in Frameworks */ = {isa = PBXBuildFile; productRef = BD515E8827877F9C003BD5A4 /* SnapKit */; };
		BD515E8C27877FAD003BD5A4 /* Kingfisher in Frameworks */ = {isa = PBXBuildFile; productRef = BD515E8B27877FAD003BD5A4 /* Kingfisher */; };
		BD515E8F27878093003BD5A4 /* IQKeyboardManagerSwift in Frameworks */ = {isa = PBXBuildFile; productRef = BD515E8E27878093003BD5A4 /* IQKeyboardManagerSwift */; };
		BD515E92278780EE003BD5A4 /* Lottie in Frameworks */ = {isa = PBXBuildFile; productRef = BD515E91278780EE003BD5A4 /* Lottie */; };
		BD515E9527878114003BD5A4 /* EasyKit in Frameworks */ = {isa = PBXBuildFile; productRef = BD515E9427878114003BD5A4 /* EasyKit */; };
		BD64F8EA2788A01C009249D0 /* .swiftlint.yml in Resources */ = {isa = PBXBuildFile; fileRef = BD64F8E92788A01C009249D0 /* .swiftlint.yml */; };
		BD64F8F02788B488009249D0 /* Pretendard-Bold.otf in Resources */ = {isa = PBXBuildFile; fileRef = BD64F8EB2788B487009249D0 /* Pretendard-Bold.otf */; };
		BD64F8F12788B488009249D0 /* Pretendard-Light.otf in Resources */ = {isa = PBXBuildFile; fileRef = BD64F8EC2788B487009249D0 /* Pretendard-Light.otf */; };
		BD64F8F22788B488009249D0 /* Pretendard-SemiBold.otf in Resources */ = {isa = PBXBuildFile; fileRef = BD64F8ED2788B487009249D0 /* Pretendard-SemiBold.otf */; };
		BD64F8F32788B488009249D0 /* Pretendard-Regular.otf in Resources */ = {isa = PBXBuildFile; fileRef = BD64F8EE2788B487009249D0 /* Pretendard-Regular.otf */; };
		BD64F8F42788B488009249D0 /* Pretendard-ExtraLight.otf in Resources */ = {isa = PBXBuildFile; fileRef = BD64F8EF2788B488009249D0 /* Pretendard-ExtraLight.otf */; };
		BDDAA581278997E1000C0AF8 /* Color.xcassets in Resources */ = {isa = PBXBuildFile; fileRef = BDDAA580278997E1000C0AF8 /* Color.xcassets */; };
		BDDAA58327899C25000C0AF8 /* Image.xcassets in Resources */ = {isa = PBXBuildFile; fileRef = BDDAA58227899C25000C0AF8 /* Image.xcassets */; };
		BDDAA5952789B2A2000C0AF8 /* generate.py in Resources */ = {isa = PBXBuildFile; fileRef = BDDAA5942789B2A2000C0AF8 /* generate.py */; };
		BDDAA5A92789BCD3000C0AF8 /* UserDefaultKey.swift in Sources */ = {isa = PBXBuildFile; fileRef = BDDAA5A32789BCD2000C0AF8 /* UserDefaultKey.swift */; };
		BDDAA5AA2789BCD3000C0AF8 /* Notification.swift in Sources */ = {isa = PBXBuildFile; fileRef = BDDAA5A42789BCD3000C0AF8 /* Notification.swift */; };
		BDDAA5AB2789BCD3000C0AF8 /* Image.swift in Sources */ = {isa = PBXBuildFile; fileRef = BDDAA5A52789BCD3000C0AF8 /* Image.swift */; };
		BDDAA5AC2789BCD3000C0AF8 /* URL.swift in Sources */ = {isa = PBXBuildFile; fileRef = BDDAA5A62789BCD3000C0AF8 /* URL.swift */; };
		BDDAA5AD2789BCD3000C0AF8 /* Color.swift in Sources */ = {isa = PBXBuildFile; fileRef = BDDAA5A72789BCD3000C0AF8 /* Color.swift */; };
		BDDAA5AE2789BCD3000C0AF8 /* Text.swift in Sources */ = {isa = PBXBuildFile; fileRef = BDDAA5A82789BCD3000C0AF8 /* Text.swift */; };
		BDFE75D6278782AA00014BE1 /* FirebaseAnalytics in Frameworks */ = {isa = PBXBuildFile; productRef = BDFE75D5278782AA00014BE1 /* FirebaseAnalytics */; };
		BDFE75D8278782AA00014BE1 /* FirebaseCrashlytics in Frameworks */ = {isa = PBXBuildFile; productRef = BDFE75D7278782AA00014BE1 /* FirebaseCrashlytics */; };
		BDFE75DE278786AE00014BE1 /* Then in Frameworks */ = {isa = PBXBuildFile; productRef = BDFE75DD278786AE00014BE1 /* Then */; };
		EC03760E278B2E4000CA4B54 /* AddMedicineSheet.swift in Sources */ = {isa = PBXBuildFile; fileRef = EC03760C278B2E4000CA4B54 /* AddMedicineSheet.swift */; };
		EC03760F278B2E4000CA4B54 /* AddMedicineSheet.xib in Resources */ = {isa = PBXBuildFile; fileRef = EC03760D278B2E4000CA4B54 /* AddMedicineSheet.xib */; };
		EC037612278B2EAF00CA4B54 /* AddMedicineTableViewCell.swift in Sources */ = {isa = PBXBuildFile; fileRef = EC037610278B2EAF00CA4B54 /* AddMedicineTableViewCell.swift */; };
		EC037613278B2EAF00CA4B54 /* AddMedicineTableViewCell.xib in Resources */ = {isa = PBXBuildFile; fileRef = EC037611278B2EAF00CA4B54 /* AddMedicineTableViewCell.xib */; };
		F6538FA8278D814900B20B5E /* SendInfoViewController.swift in Sources */ = {isa = PBXBuildFile; fileRef = F6538FA6278D814900B20B5E /* SendInfoViewController.swift */; };
		F6538FA9278D814900B20B5E /* SendInfoViewController.xib in Resources */ = {isa = PBXBuildFile; fileRef = F6538FA7278D814900B20B5E /* SendInfoViewController.xib */; };
		F67CDBF2278B4B8D00F70974 /* NoticeListDataModel.swift in Sources */ = {isa = PBXBuildFile; fileRef = F67CDBF1278B4B8D00F70974 /* NoticeListDataModel.swift */; };
		F69CAA462789EDE70035230D /* NoticeViewController.swift in Sources */ = {isa = PBXBuildFile; fileRef = F69CAA442789EDE70035230D /* NoticeViewController.swift */; };
		F69CAA472789EDE70035230D /* NoticeViewController.xib in Resources */ = {isa = PBXBuildFile; fileRef = F69CAA452789EDE70035230D /* NoticeViewController.xib */; };
		F69CAA4C2789EFF60035230D /* NoticeTableViewCell.swift in Sources */ = {isa = PBXBuildFile; fileRef = F69CAA4A2789EFF60035230D /* NoticeTableViewCell.swift */; };
		F69CAA4D2789EFF60035230D /* NoticeTableViewCell.xib in Resources */ = {isa = PBXBuildFile; fileRef = F69CAA4B2789EFF60035230D /* NoticeTableViewCell.xib */; };
/* End PBXBuildFile section */

/* Begin PBXFileReference section */
		BD149DCA278B31DC009AA416 /* TabBarItem.swift */ = {isa = PBXFileReference; lastKnownFileType = sourcecode.swift; path = TabBarItem.swift; sourceTree = "<group>"; };
		BD149DCC278B3369009AA416 /* TabBarController.swift */ = {isa = PBXFileReference; lastKnownFileType = sourcecode.swift; path = TabBarController.swift; sourceTree = "<group>"; };
		BD515E35278770C5003BD5A4 /* SobokSobok.app */ = {isa = PBXFileReference; explicitFileType = wrapper.application; includeInIndex = 0; path = SobokSobok.app; sourceTree = BUILT_PRODUCTS_DIR; };
		BD515E38278770C5003BD5A4 /* AppDelegate.swift */ = {isa = PBXFileReference; lastKnownFileType = sourcecode.swift; path = AppDelegate.swift; sourceTree = "<group>"; };
		BD515E3A278770C5003BD5A4 /* SceneDelegate.swift */ = {isa = PBXFileReference; lastKnownFileType = sourcecode.swift; path = SceneDelegate.swift; sourceTree = "<group>"; };
		BD515E41278770C7003BD5A4 /* Assets.xcassets */ = {isa = PBXFileReference; lastKnownFileType = folder.assetcatalog; path = Assets.xcassets; sourceTree = "<group>"; };
		BD515E44278770C7003BD5A4 /* Base */ = {isa = PBXFileReference; lastKnownFileType = file.storyboard; name = Base; path = Base.lproj/LaunchScreen.storyboard; sourceTree = "<group>"; };
		BD515E46278770C7003BD5A4 /* Info.plist */ = {isa = PBXFileReference; lastKnownFileType = text.plist.xml; path = Info.plist; sourceTree = "<group>"; };
		BD515E6C27877837003BD5A4 /* SplashViewController.swift */ = {isa = PBXFileReference; lastKnownFileType = sourcecode.swift; path = SplashViewController.swift; sourceTree = "<group>"; };
		BD515E6E2787784D003BD5A4 /* BaseViewController.swift */ = {isa = PBXFileReference; lastKnownFileType = sourcecode.swift; path = BaseViewController.swift; sourceTree = "<group>"; };
		BD515E70278778F9003BD5A4 /* SampleViewController.swift */ = {isa = PBXFileReference; lastKnownFileType = sourcecode.swift; path = SampleViewController.swift; sourceTree = "<group>"; };
		BD515E71278778F9003BD5A4 /* SampleViewController.xib */ = {isa = PBXFileReference; lastKnownFileType = file.xib; path = SampleViewController.xib; sourceTree = "<group>"; };
		BD64F8E92788A01C009249D0 /* .swiftlint.yml */ = {isa = PBXFileReference; lastKnownFileType = text.yaml; path = .swiftlint.yml; sourceTree = "<group>"; };
		BD64F8EB2788B487009249D0 /* Pretendard-Bold.otf */ = {isa = PBXFileReference; lastKnownFileType = file; path = "Pretendard-Bold.otf"; sourceTree = "<group>"; };
		BD64F8EC2788B487009249D0 /* Pretendard-Light.otf */ = {isa = PBXFileReference; lastKnownFileType = file; path = "Pretendard-Light.otf"; sourceTree = "<group>"; };
		BD64F8ED2788B487009249D0 /* Pretendard-SemiBold.otf */ = {isa = PBXFileReference; lastKnownFileType = file; path = "Pretendard-SemiBold.otf"; sourceTree = "<group>"; };
		BD64F8EE2788B487009249D0 /* Pretendard-Regular.otf */ = {isa = PBXFileReference; lastKnownFileType = file; path = "Pretendard-Regular.otf"; sourceTree = "<group>"; };
		BD64F8EF2788B488009249D0 /* Pretendard-ExtraLight.otf */ = {isa = PBXFileReference; lastKnownFileType = file; path = "Pretendard-ExtraLight.otf"; sourceTree = "<group>"; };
		BDDAA580278997E1000C0AF8 /* Color.xcassets */ = {isa = PBXFileReference; lastKnownFileType = folder.assetcatalog; path = Color.xcassets; sourceTree = "<group>"; };
		BDDAA58227899C25000C0AF8 /* Image.xcassets */ = {isa = PBXFileReference; lastKnownFileType = folder.assetcatalog; path = Image.xcassets; sourceTree = "<group>"; };
		BDDAA5942789B2A2000C0AF8 /* generate.py */ = {isa = PBXFileReference; fileEncoding = 4; lastKnownFileType = text.script.python; path = generate.py; sourceTree = "<group>"; };
		BDDAA5A32789BCD2000C0AF8 /* UserDefaultKey.swift */ = {isa = PBXFileReference; fileEncoding = 4; lastKnownFileType = sourcecode.swift; path = UserDefaultKey.swift; sourceTree = "<group>"; };
		BDDAA5A42789BCD3000C0AF8 /* Notification.swift */ = {isa = PBXFileReference; fileEncoding = 4; lastKnownFileType = sourcecode.swift; path = Notification.swift; sourceTree = "<group>"; };
		BDDAA5A52789BCD3000C0AF8 /* Image.swift */ = {isa = PBXFileReference; fileEncoding = 4; lastKnownFileType = sourcecode.swift; path = Image.swift; sourceTree = "<group>"; };
		BDDAA5A62789BCD3000C0AF8 /* URL.swift */ = {isa = PBXFileReference; fileEncoding = 4; lastKnownFileType = sourcecode.swift; path = URL.swift; sourceTree = "<group>"; };
		BDDAA5A72789BCD3000C0AF8 /* Color.swift */ = {isa = PBXFileReference; fileEncoding = 4; lastKnownFileType = sourcecode.swift; path = Color.swift; sourceTree = "<group>"; };
		BDDAA5A82789BCD3000C0AF8 /* Text.swift */ = {isa = PBXFileReference; fileEncoding = 4; lastKnownFileType = sourcecode.swift; path = Text.swift; sourceTree = "<group>"; };
		EC03760C278B2E4000CA4B54 /* AddMedicineSheet.swift */ = {isa = PBXFileReference; lastKnownFileType = sourcecode.swift; path = AddMedicineSheet.swift; sourceTree = "<group>"; };
		EC03760D278B2E4000CA4B54 /* AddMedicineSheet.xib */ = {isa = PBXFileReference; lastKnownFileType = file.xib; path = AddMedicineSheet.xib; sourceTree = "<group>"; };
		EC037610278B2EAF00CA4B54 /* AddMedicineTableViewCell.swift */ = {isa = PBXFileReference; lastKnownFileType = sourcecode.swift; path = AddMedicineTableViewCell.swift; sourceTree = "<group>"; };
		EC037611278B2EAF00CA4B54 /* AddMedicineTableViewCell.xib */ = {isa = PBXFileReference; lastKnownFileType = file.xib; path = AddMedicineTableViewCell.xib; sourceTree = "<group>"; };
		F6538FA6278D814900B20B5E /* SendInfoViewController.swift */ = {isa = PBXFileReference; lastKnownFileType = sourcecode.swift; path = SendInfoViewController.swift; sourceTree = "<group>"; };
		F6538FA7278D814900B20B5E /* SendInfoViewController.xib */ = {isa = PBXFileReference; lastKnownFileType = file.xib; path = SendInfoViewController.xib; sourceTree = "<group>"; };
		F67CDBF1278B4B8D00F70974 /* NoticeListDataModel.swift */ = {isa = PBXFileReference; lastKnownFileType = sourcecode.swift; path = NoticeListDataModel.swift; sourceTree = "<group>"; };
		F69CAA442789EDE70035230D /* NoticeViewController.swift */ = {isa = PBXFileReference; lastKnownFileType = sourcecode.swift; path = NoticeViewController.swift; sourceTree = "<group>"; };
		F69CAA452789EDE70035230D /* NoticeViewController.xib */ = {isa = PBXFileReference; lastKnownFileType = file.xib; path = NoticeViewController.xib; sourceTree = "<group>"; };
		F69CAA4A2789EFF60035230D /* NoticeTableViewCell.swift */ = {isa = PBXFileReference; lastKnownFileType = sourcecode.swift; path = NoticeTableViewCell.swift; sourceTree = "<group>"; };
		F69CAA4B2789EFF60035230D /* NoticeTableViewCell.xib */ = {isa = PBXFileReference; lastKnownFileType = file.xib; path = NoticeTableViewCell.xib; sourceTree = "<group>"; };
/* End PBXFileReference section */

/* Begin PBXFrameworksBuildPhase section */
		BD515E32278770C5003BD5A4 /* Frameworks */ = {
			isa = PBXFrameworksBuildPhase;
			buildActionMask = 2147483647;
			files = (
				BD515E8F27878093003BD5A4 /* IQKeyboardManagerSwift in Frameworks */,
				BDFE75DE278786AE00014BE1 /* Then in Frameworks */,
				BD515E8C27877FAD003BD5A4 /* Kingfisher in Frameworks */,
				BDFE75D6278782AA00014BE1 /* FirebaseAnalytics in Frameworks */,
				BD515E9527878114003BD5A4 /* EasyKit in Frameworks */,
				BD515E8927877F9C003BD5A4 /* SnapKit in Frameworks */,
				BD515E8327877F0E003BD5A4 /* Moya in Frameworks */,
				BDFE75D8278782AA00014BE1 /* FirebaseCrashlytics in Frameworks */,
				BD515E92278780EE003BD5A4 /* Lottie in Frameworks */,
			);
			runOnlyForDeploymentPostprocessing = 0;
		};
/* End PBXFrameworksBuildPhase section */

/* Begin PBXGroup section */
		BD515E2C278770C5003BD5A4 = {
			isa = PBXGroup;
			children = (
				BD64F8E92788A01C009249D0 /* .swiftlint.yml */,
				BD515E37278770C5003BD5A4 /* SobokSobok */,
				BD515E36278770C5003BD5A4 /* Products */,
			);
			sourceTree = "<group>";
		};
		BD515E36278770C5003BD5A4 /* Products */ = {
			isa = PBXGroup;
			children = (
				BD515E35278770C5003BD5A4 /* SobokSobok.app */,
			);
			name = Products;
			sourceTree = "<group>";
		};
		BD515E37278770C5003BD5A4 /* SobokSobok */ = {
			isa = PBXGroup;
			children = (
				BD515E4C2787755A003BD5A4 /* Application */,
				BD515E4D27877569003BD5A4 /* Common */,
				BD515E4E27877571003BD5A4 /* Data */,
				BD515E4F27877579003BD5A4 /* Presentation */,
				BD515E5027877582003BD5A4 /* Resource */,
				BD515E512787758B003BD5A4 /* Service */,
				BD515E52278775A0003BD5A4 /* Support */,
			);
			path = SobokSobok;
			sourceTree = "<group>";
		};
		BD515E4C2787755A003BD5A4 /* Application */ = {
			isa = PBXGroup;
			children = (
				BD515E38278770C5003BD5A4 /* AppDelegate.swift */,
				BD515E3A278770C5003BD5A4 /* SceneDelegate.swift */,
			);
			path = Application;
			sourceTree = "<group>";
		};
		BD515E4D27877569003BD5A4 /* Common */ = {
			isa = PBXGroup;
			children = (
				BD515E53278775FA003BD5A4 /* DesignSystem */,
				BD515E5427877601003BD5A4 /* NameSpace */,
				BD515E552787760A003BD5A4 /* Extension */,
				BD515E562787760F003BD5A4 /* Protocol */,
			);
			path = Common;
			sourceTree = "<group>";
		};
		BD515E4E27877571003BD5A4 /* Data */ = {
			isa = PBXGroup;
			children = (
				BD515E572787761E003BD5A4 /* Mock */,
				BD515E5827877622003BD5A4 /* Model */,
				BD515E5927877628003BD5A4 /* DTO */,
			);
			path = Data;
			sourceTree = "<group>";
		};
		BD515E4F27877579003BD5A4 /* Presentation */ = {
			isa = PBXGroup;
			children = (
				BD515E5A27877635003BD5A4 /* Common */,
				BD515E64278776B0003BD5A4 /* Splash */,
				BD515E65278776B5003BD5A4 /* SignIn */,
				BD515E66278776BD003BD5A4 /* SignUp */,
				BD515E67278776D5003BD5A4 /* Home */,
				BD515E68278776E0003BD5A4 /* Share */,
				BD515E69278776E6003BD5A4 /* Notice */,
				BD515E6A27877773003BD5A4 /* Medicine */,
				BD515E6B27877784003BD5A4 /* Account */,
			);
			path = Presentation;
			sourceTree = "<group>";
		};
		BD515E5027877582003BD5A4 /* Resource */ = {
			isa = PBXGroup;
			children = (
				BD515E43278770C7003BD5A4 /* LaunchScreen.storyboard */,
				BD515E5B27877641003BD5A4 /* Gif */,
				BD515E5C27877645003BD5A4 /* Font */,
				BD515E41278770C7003BD5A4 /* Assets.xcassets */,
				BDDAA580278997E1000C0AF8 /* Color.xcassets */,
				BDDAA58227899C25000C0AF8 /* Image.xcassets */,
			);
			path = Resource;
			sourceTree = "<group>";
		};
		BD515E512787758B003BD5A4 /* Service */ = {
			isa = PBXGroup;
			children = (
				BD515E612787767A003BD5A4 /* Network */,
				BD515E622787767D003BD5A4 /* Parser */,
				BD515E6327877683003BD5A4 /* Result */,
			);
			path = Service;
			sourceTree = "<group>";
		};
		BD515E52278775A0003BD5A4 /* Support */ = {
			isa = PBXGroup;
			children = (
				BDDAA5932789B271000C0AF8 /* Script */,
				BD515E46278770C7003BD5A4 /* Info.plist */,
			);
			path = Support;
			sourceTree = "<group>";
		};
		BD515E53278775FA003BD5A4 /* DesignSystem */ = {
			isa = PBXGroup;
			children = (
			);
			path = DesignSystem;
			sourceTree = "<group>";
		};
		BD515E5427877601003BD5A4 /* NameSpace */ = {
			isa = PBXGroup;
			children = (
				BDDAA5A72789BCD3000C0AF8 /* Color.swift */,
				BDDAA5A52789BCD3000C0AF8 /* Image.swift */,
				BDDAA5A42789BCD3000C0AF8 /* Notification.swift */,
				BDDAA5A82789BCD3000C0AF8 /* Text.swift */,
				BDDAA5A62789BCD3000C0AF8 /* URL.swift */,
				BDDAA5A32789BCD2000C0AF8 /* UserDefaultKey.swift */,
			);
			path = NameSpace;
			sourceTree = "<group>";
		};
		BD515E552787760A003BD5A4 /* Extension */ = {
			isa = PBXGroup;
			children = (
			);
			path = Extension;
			sourceTree = "<group>";
		};
		BD515E562787760F003BD5A4 /* Protocol */ = {
			isa = PBXGroup;
			children = (
			);
			path = Protocol;
			sourceTree = "<group>";
		};
		BD515E572787761E003BD5A4 /* Mock */ = {
			isa = PBXGroup;
			children = (
			);
			path = Mock;
			sourceTree = "<group>";
		};
		BD515E5827877622003BD5A4 /* Model */ = {
			isa = PBXGroup;
			children = (
				F67CDBF1278B4B8D00F70974 /* NoticeListDataModel.swift */,
			);
			path = Model;
			sourceTree = "<group>";
		};
		BD515E5927877628003BD5A4 /* DTO */ = {
			isa = PBXGroup;
			children = (
			);
			path = DTO;
			sourceTree = "<group>";
		};
		BD515E5A27877635003BD5A4 /* Common */ = {
			isa = PBXGroup;
			children = (
				BD515E74278778FD003BD5A4 /* Sample */,
				BD515E6E2787784D003BD5A4 /* BaseViewController.swift */,
				BD149DCA278B31DC009AA416 /* TabBarItem.swift */,
				BD149DCC278B3369009AA416 /* TabBarController.swift */,
			);
			path = Common;
			sourceTree = "<group>";
		};
		BD515E5B27877641003BD5A4 /* Gif */ = {
			isa = PBXGroup;
			children = (
			);
			path = Gif;
			sourceTree = "<group>";
		};
		BD515E5C27877645003BD5A4 /* Font */ = {
			isa = PBXGroup;
			children = (
				BD64F8EB2788B487009249D0 /* Pretendard-Bold.otf */,
				BD64F8EF2788B488009249D0 /* Pretendard-ExtraLight.otf */,
				BD64F8EC2788B487009249D0 /* Pretendard-Light.otf */,
				BD64F8EE2788B487009249D0 /* Pretendard-Regular.otf */,
				BD64F8ED2788B487009249D0 /* Pretendard-SemiBold.otf */,
			);
			path = Font;
			sourceTree = "<group>";
		};
		BD515E612787767A003BD5A4 /* Network */ = {
			isa = PBXGroup;
			children = (
			);
			path = Network;
			sourceTree = "<group>";
		};
		BD515E622787767D003BD5A4 /* Parser */ = {
			isa = PBXGroup;
			children = (
			);
			path = Parser;
			sourceTree = "<group>";
		};
		BD515E6327877683003BD5A4 /* Result */ = {
			isa = PBXGroup;
			children = (
			);
			path = Result;
			sourceTree = "<group>";
		};
		BD515E64278776B0003BD5A4 /* Splash */ = {
			isa = PBXGroup;
			children = (
				BD515E6C27877837003BD5A4 /* SplashViewController.swift */,
			);
			path = Splash;
			sourceTree = "<group>";
		};
		BD515E65278776B5003BD5A4 /* SignIn */ = {
			isa = PBXGroup;
			children = (
			);
			path = SignIn;
			sourceTree = "<group>";
		};
		BD515E66278776BD003BD5A4 /* SignUp */ = {
			isa = PBXGroup;
			children = (
			);
			path = SignUp;
			sourceTree = "<group>";
		};
		BD515E67278776D5003BD5A4 /* Home */ = {
			isa = PBXGroup;
			children = (
			);
			path = Home;
			sourceTree = "<group>";
		};
		BD515E68278776E0003BD5A4 /* Share */ = {
			isa = PBXGroup;
			children = (
			);
			path = Share;
			sourceTree = "<group>";
		};
		BD515E69278776E6003BD5A4 /* Notice */ = {
			isa = PBXGroup;
			children = (
				F69CAA442789EDE70035230D /* NoticeViewController.swift */,
				F69CAA452789EDE70035230D /* NoticeViewController.xib */,
				F69CAA4A2789EFF60035230D /* NoticeTableViewCell.swift */,
				F69CAA4B2789EFF60035230D /* NoticeTableViewCell.xib */,
				F6538FA6278D814900B20B5E /* SendInfoViewController.swift */,
				F6538FA7278D814900B20B5E /* SendInfoViewController.xib */,
			);
			path = Notice;
			sourceTree = "<group>";
		};
		BD515E6A27877773003BD5A4 /* Medicine */ = {
			isa = PBXGroup;
			children = (
				EC037614278B372500CA4B54 /* AddMedicineSheet */,
			);
			path = Medicine;
			sourceTree = "<group>";
		};
		BD515E6B27877784003BD5A4 /* Account */ = {
			isa = PBXGroup;
			children = (
			);
			path = Account;
			sourceTree = "<group>";
		};
		BD515E74278778FD003BD5A4 /* Sample */ = {
			isa = PBXGroup;
			children = (
				BD515E70278778F9003BD5A4 /* SampleViewController.swift */,
				BD515E71278778F9003BD5A4 /* SampleViewController.xib */,
			);
			path = Sample;
			sourceTree = "<group>";
		};
		BDDAA5932789B271000C0AF8 /* Script */ = {
			isa = PBXGroup;
			children = (
				BDDAA5942789B2A2000C0AF8 /* generate.py */,
			);
			path = Script;
			sourceTree = "<group>";
		};
		EC037614278B372500CA4B54 /* AddMedicineSheet */ = {
			isa = PBXGroup;
			children = (
				EC03760C278B2E4000CA4B54 /* AddMedicineSheet.swift */,
				EC03760D278B2E4000CA4B54 /* AddMedicineSheet.xib */,
				EC037610278B2EAF00CA4B54 /* AddMedicineTableViewCell.swift */,
				EC037611278B2EAF00CA4B54 /* AddMedicineTableViewCell.xib */,
			);
			path = AddMedicineSheet;
			sourceTree = "<group>";
		};
/* End PBXGroup section */

/* Begin PBXNativeTarget section */
		BD515E34278770C5003BD5A4 /* SobokSobok */ = {
			isa = PBXNativeTarget;
			buildConfigurationList = BD515E49278770C7003BD5A4 /* Build configuration list for PBXNativeTarget "SobokSobok" */;
			buildPhases = (
				BD64F8E827889FB0009249D0 /* SwiftLint Script */,
				BDDAA5962789B3F4000C0AF8 /* Python Script */,
				BD515E31278770C5003BD5A4 /* Sources */,
				BD515E32278770C5003BD5A4 /* Frameworks */,
				BD515E33278770C5003BD5A4 /* Resources */,
			);
			buildRules = (
			);
			dependencies = (
			);
			name = SobokSobok;
			packageProductDependencies = (
				BD515E8227877F0E003BD5A4 /* Moya */,
				BD515E8827877F9C003BD5A4 /* SnapKit */,
				BD515E8B27877FAD003BD5A4 /* Kingfisher */,
				BD515E8E27878093003BD5A4 /* IQKeyboardManagerSwift */,
				BD515E91278780EE003BD5A4 /* Lottie */,
				BD515E9427878114003BD5A4 /* EasyKit */,
				BDFE75D5278782AA00014BE1 /* FirebaseAnalytics */,
				BDFE75D7278782AA00014BE1 /* FirebaseCrashlytics */,
				BDFE75DD278786AE00014BE1 /* Then */,
			);
			productName = SobokSobok;
			productReference = BD515E35278770C5003BD5A4 /* SobokSobok.app */;
			productType = "com.apple.product-type.application";
		};
/* End PBXNativeTarget section */

/* Begin PBXProject section */
		BD515E2D278770C5003BD5A4 /* Project object */ = {
			isa = PBXProject;
			attributes = {
				BuildIndependentTargetsInParallel = 1;
				LastSwiftUpdateCheck = 1320;
				LastUpgradeCheck = 1320;
				TargetAttributes = {
					BD515E34278770C5003BD5A4 = {
						CreatedOnToolsVersion = 13.2.1;
					};
				};
			};
			buildConfigurationList = BD515E30278770C5003BD5A4 /* Build configuration list for PBXProject "SobokSobok" */;
			compatibilityVersion = "Xcode 13.0";
			developmentRegion = en;
			hasScannedForEncodings = 0;
			knownRegions = (
				en,
				Base,
			);
			mainGroup = BD515E2C278770C5003BD5A4;
			packageReferences = (
				BD515E8127877F0E003BD5A4 /* XCRemoteSwiftPackageReference "Moya" */,
				BD515E8727877F9C003BD5A4 /* XCRemoteSwiftPackageReference "SnapKit" */,
				BD515E8A27877FAD003BD5A4 /* XCRemoteSwiftPackageReference "Kingfisher" */,
				BD515E8D27878093003BD5A4 /* XCRemoteSwiftPackageReference "IQKeyboardManager" */,
				BD515E90278780EE003BD5A4 /* XCRemoteSwiftPackageReference "lottie-ios" */,
				BD515E9327878114003BD5A4 /* XCRemoteSwiftPackageReference "EasyKit" */,
				BDFE75D4278782AA00014BE1 /* XCRemoteSwiftPackageReference "firebase-ios-sdk" */,
				BDFE75DC278786AE00014BE1 /* XCRemoteSwiftPackageReference "Then" */,
			);
			productRefGroup = BD515E36278770C5003BD5A4 /* Products */;
			projectDirPath = "";
			projectRoot = "";
			targets = (
				BD515E34278770C5003BD5A4 /* SobokSobok */,
			);
		};
/* End PBXProject section */

/* Begin PBXResourcesBuildPhase section */
		BD515E33278770C5003BD5A4 /* Resources */ = {
			isa = PBXResourcesBuildPhase;
			buildActionMask = 2147483647;
			files = (
				BD64F8F42788B488009249D0 /* Pretendard-ExtraLight.otf in Resources */,
				BD64F8EA2788A01C009249D0 /* .swiftlint.yml in Resources */,
				BD64F8F02788B488009249D0 /* Pretendard-Bold.otf in Resources */,
				BD64F8F22788B488009249D0 /* Pretendard-SemiBold.otf in Resources */,
				BD515E45278770C7003BD5A4 /* LaunchScreen.storyboard in Resources */,
				F69CAA4D2789EFF60035230D /* NoticeTableViewCell.xib in Resources */,
				F6538FA9278D814900B20B5E /* SendInfoViewController.xib in Resources */,
				EC03760F278B2E4000CA4B54 /* AddMedicineSheet.xib in Resources */,
				BDDAA5952789B2A2000C0AF8 /* generate.py in Resources */,
				BD515E42278770C7003BD5A4 /* Assets.xcassets in Resources */,
				BD64F8F32788B488009249D0 /* Pretendard-Regular.otf in Resources */,
				EC037613278B2EAF00CA4B54 /* AddMedicineTableViewCell.xib in Resources */,
				BDDAA581278997E1000C0AF8 /* Color.xcassets in Resources */,
				BDDAA58327899C25000C0AF8 /* Image.xcassets in Resources */,
				F69CAA472789EDE70035230D /* NoticeViewController.xib in Resources */,
				BD515E73278778F9003BD5A4 /* SampleViewController.xib in Resources */,
				BD64F8F12788B488009249D0 /* Pretendard-Light.otf in Resources */,
			);
			runOnlyForDeploymentPostprocessing = 0;
		};
/* End PBXResourcesBuildPhase section */

/* Begin PBXShellScriptBuildPhase section */
		BD64F8E827889FB0009249D0 /* SwiftLint Script */ = {
			isa = PBXShellScriptBuildPhase;
			buildActionMask = 2147483647;
			files = (
			);
			inputFileListPaths = (
			);
			inputPaths = (
			);
			name = "SwiftLint Script";
			outputFileListPaths = (
			);
			outputPaths = (
			);
			runOnlyForDeploymentPostprocessing = 0;
			shellPath = /bin/sh;
			shellScript = "if which swiftlint >/dev/null; then\n  swiftlint\nelse\n  echo \"warning: SwiftLint not installed, download from https://github.com/realm/SwiftLint\"\nfi\n";
		};
		BDDAA5962789B3F4000C0AF8 /* Python Script */ = {
			isa = PBXShellScriptBuildPhase;
			buildActionMask = 2147483647;
			files = (
			);
			inputFileListPaths = (
			);
			inputPaths = (
			);
			name = "Python Script";
			outputFileListPaths = (
			);
			outputPaths = (
			);
			runOnlyForDeploymentPostprocessing = 0;
			shellPath = /bin/sh;
			shellScript = "python $TARGET_NAME/Support/Script/generate.py $TARGET_NAME\n";
		};
/* End PBXShellScriptBuildPhase section */

/* Begin PBXSourcesBuildPhase section */
		BD515E31278770C5003BD5A4 /* Sources */ = {
			isa = PBXSourcesBuildPhase;
			buildActionMask = 2147483647;
			files = (
				BD515E6F2787784D003BD5A4 /* BaseViewController.swift in Sources */,
				BD149DCD278B3369009AA416 /* TabBarController.swift in Sources */,
				EC03760E278B2E4000CA4B54 /* AddMedicineSheet.swift in Sources */,
				EC037612278B2EAF00CA4B54 /* AddMedicineTableViewCell.swift in Sources */,
				F6538FA8278D814900B20B5E /* SendInfoViewController.swift in Sources */,
				BDDAA5AB2789BCD3000C0AF8 /* Image.swift in Sources */,
				BDDAA5AC2789BCD3000C0AF8 /* URL.swift in Sources */,
				F69CAA4C2789EFF60035230D /* NoticeTableViewCell.swift in Sources */,
				F67CDBF2278B4B8D00F70974 /* NoticeListDataModel.swift in Sources */,
				BDDAA5AD2789BCD3000C0AF8 /* Color.swift in Sources */,
				BD515E72278778F9003BD5A4 /* SampleViewController.swift in Sources */,
				BD515E39278770C5003BD5A4 /* AppDelegate.swift in Sources */,
				BD149DCB278B31DC009AA416 /* TabBarItem.swift in Sources */,
				BDDAA5AA2789BCD3000C0AF8 /* Notification.swift in Sources */,
				BD515E3B278770C5003BD5A4 /* SceneDelegate.swift in Sources */,
				BDDAA5A92789BCD3000C0AF8 /* UserDefaultKey.swift in Sources */,
				BDDAA5AE2789BCD3000C0AF8 /* Text.swift in Sources */,
				F69CAA462789EDE70035230D /* NoticeViewController.swift in Sources */,
				BD515E6D27877837003BD5A4 /* SplashViewController.swift in Sources */,
			);
			runOnlyForDeploymentPostprocessing = 0;
		};
/* End PBXSourcesBuildPhase section */

/* Begin PBXVariantGroup section */
		BD515E43278770C7003BD5A4 /* LaunchScreen.storyboard */ = {
			isa = PBXVariantGroup;
			children = (
				BD515E44278770C7003BD5A4 /* Base */,
			);
			name = LaunchScreen.storyboard;
			sourceTree = "<group>";
		};
/* End PBXVariantGroup section */

/* Begin XCBuildConfiguration section */
		BD515E47278770C7003BD5A4 /* Debug */ = {
			isa = XCBuildConfiguration;
			buildSettings = {
				ALWAYS_SEARCH_USER_PATHS = NO;
				CLANG_ANALYZER_NONNULL = YES;
				CLANG_ANALYZER_NUMBER_OBJECT_CONVERSION = YES_AGGRESSIVE;
				CLANG_CXX_LANGUAGE_STANDARD = "gnu++17";
				CLANG_CXX_LIBRARY = "libc++";
				CLANG_ENABLE_MODULES = YES;
				CLANG_ENABLE_OBJC_ARC = YES;
				CLANG_ENABLE_OBJC_WEAK = YES;
				CLANG_WARN_BLOCK_CAPTURE_AUTORELEASING = YES;
				CLANG_WARN_BOOL_CONVERSION = YES;
				CLANG_WARN_COMMA = YES;
				CLANG_WARN_CONSTANT_CONVERSION = YES;
				CLANG_WARN_DEPRECATED_OBJC_IMPLEMENTATIONS = YES;
				CLANG_WARN_DIRECT_OBJC_ISA_USAGE = YES_ERROR;
				CLANG_WARN_DOCUMENTATION_COMMENTS = YES;
				CLANG_WARN_EMPTY_BODY = YES;
				CLANG_WARN_ENUM_CONVERSION = YES;
				CLANG_WARN_INFINITE_RECURSION = YES;
				CLANG_WARN_INT_CONVERSION = YES;
				CLANG_WARN_NON_LITERAL_NULL_CONVERSION = YES;
				CLANG_WARN_OBJC_IMPLICIT_RETAIN_SELF = YES;
				CLANG_WARN_OBJC_LITERAL_CONVERSION = YES;
				CLANG_WARN_OBJC_ROOT_CLASS = YES_ERROR;
				CLANG_WARN_QUOTED_INCLUDE_IN_FRAMEWORK_HEADER = YES;
				CLANG_WARN_RANGE_LOOP_ANALYSIS = YES;
				CLANG_WARN_STRICT_PROTOTYPES = YES;
				CLANG_WARN_SUSPICIOUS_MOVE = YES;
				CLANG_WARN_UNGUARDED_AVAILABILITY = YES_AGGRESSIVE;
				CLANG_WARN_UNREACHABLE_CODE = YES;
				CLANG_WARN__DUPLICATE_METHOD_MATCH = YES;
				COPY_PHASE_STRIP = NO;
				DEBUG_INFORMATION_FORMAT = dwarf;
				ENABLE_STRICT_OBJC_MSGSEND = YES;
				ENABLE_TESTABILITY = YES;
				GCC_C_LANGUAGE_STANDARD = gnu11;
				GCC_DYNAMIC_NO_PIC = NO;
				GCC_NO_COMMON_BLOCKS = YES;
				GCC_OPTIMIZATION_LEVEL = 0;
				GCC_PREPROCESSOR_DEFINITIONS = (
					"DEBUG=1",
					"$(inherited)",
				);
				GCC_WARN_64_TO_32_BIT_CONVERSION = YES;
				GCC_WARN_ABOUT_RETURN_TYPE = YES_ERROR;
				GCC_WARN_UNDECLARED_SELECTOR = YES;
				GCC_WARN_UNINITIALIZED_AUTOS = YES_AGGRESSIVE;
				GCC_WARN_UNUSED_FUNCTION = YES;
				GCC_WARN_UNUSED_VARIABLE = YES;
				IPHONEOS_DEPLOYMENT_TARGET = 13.0;
				MTL_ENABLE_DEBUG_INFO = INCLUDE_SOURCE;
				MTL_FAST_MATH = YES;
				ONLY_ACTIVE_ARCH = YES;
				OTHER_LDFLAGS = "-ObjC";
				SDKROOT = iphoneos;
				SWIFT_ACTIVE_COMPILATION_CONDITIONS = DEBUG;
				SWIFT_OPTIMIZATION_LEVEL = "-Onone";
			};
			name = Debug;
		};
		BD515E48278770C7003BD5A4 /* Release */ = {
			isa = XCBuildConfiguration;
			buildSettings = {
				ALWAYS_SEARCH_USER_PATHS = NO;
				CLANG_ANALYZER_NONNULL = YES;
				CLANG_ANALYZER_NUMBER_OBJECT_CONVERSION = YES_AGGRESSIVE;
				CLANG_CXX_LANGUAGE_STANDARD = "gnu++17";
				CLANG_CXX_LIBRARY = "libc++";
				CLANG_ENABLE_MODULES = YES;
				CLANG_ENABLE_OBJC_ARC = YES;
				CLANG_ENABLE_OBJC_WEAK = YES;
				CLANG_WARN_BLOCK_CAPTURE_AUTORELEASING = YES;
				CLANG_WARN_BOOL_CONVERSION = YES;
				CLANG_WARN_COMMA = YES;
				CLANG_WARN_CONSTANT_CONVERSION = YES;
				CLANG_WARN_DEPRECATED_OBJC_IMPLEMENTATIONS = YES;
				CLANG_WARN_DIRECT_OBJC_ISA_USAGE = YES_ERROR;
				CLANG_WARN_DOCUMENTATION_COMMENTS = YES;
				CLANG_WARN_EMPTY_BODY = YES;
				CLANG_WARN_ENUM_CONVERSION = YES;
				CLANG_WARN_INFINITE_RECURSION = YES;
				CLANG_WARN_INT_CONVERSION = YES;
				CLANG_WARN_NON_LITERAL_NULL_CONVERSION = YES;
				CLANG_WARN_OBJC_IMPLICIT_RETAIN_SELF = YES;
				CLANG_WARN_OBJC_LITERAL_CONVERSION = YES;
				CLANG_WARN_OBJC_ROOT_CLASS = YES_ERROR;
				CLANG_WARN_QUOTED_INCLUDE_IN_FRAMEWORK_HEADER = YES;
				CLANG_WARN_RANGE_LOOP_ANALYSIS = YES;
				CLANG_WARN_STRICT_PROTOTYPES = YES;
				CLANG_WARN_SUSPICIOUS_MOVE = YES;
				CLANG_WARN_UNGUARDED_AVAILABILITY = YES_AGGRESSIVE;
				CLANG_WARN_UNREACHABLE_CODE = YES;
				CLANG_WARN__DUPLICATE_METHOD_MATCH = YES;
				COPY_PHASE_STRIP = NO;
				DEBUG_INFORMATION_FORMAT = "dwarf-with-dsym";
				ENABLE_NS_ASSERTIONS = NO;
				ENABLE_STRICT_OBJC_MSGSEND = YES;
				GCC_C_LANGUAGE_STANDARD = gnu11;
				GCC_NO_COMMON_BLOCKS = YES;
				GCC_WARN_64_TO_32_BIT_CONVERSION = YES;
				GCC_WARN_ABOUT_RETURN_TYPE = YES_ERROR;
				GCC_WARN_UNDECLARED_SELECTOR = YES;
				GCC_WARN_UNINITIALIZED_AUTOS = YES_AGGRESSIVE;
				GCC_WARN_UNUSED_FUNCTION = YES;
				GCC_WARN_UNUSED_VARIABLE = YES;
				IPHONEOS_DEPLOYMENT_TARGET = 13.0;
				MTL_ENABLE_DEBUG_INFO = NO;
				MTL_FAST_MATH = YES;
				OTHER_LDFLAGS = "-ObjC";
				SDKROOT = iphoneos;
				SWIFT_COMPILATION_MODE = wholemodule;
				SWIFT_OPTIMIZATION_LEVEL = "-O";
				VALIDATE_PRODUCT = YES;
			};
			name = Release;
		};
		BD515E4A278770C7003BD5A4 /* Debug */ = {
			isa = XCBuildConfiguration;
			buildSettings = {
				ASSETCATALOG_COMPILER_APPICON_NAME = AppIcon;
				ASSETCATALOG_COMPILER_GLOBAL_ACCENT_COLOR_NAME = AccentColor;
				CODE_SIGN_STYLE = Automatic;
				CURRENT_PROJECT_VERSION = 1;
				DEVELOPMENT_TEAM = W7P3R7ZL78;
				GENERATE_INFOPLIST_FILE = YES;
				INFOPLIST_FILE = SobokSobok/Support/Info.plist;
				INFOPLIST_KEY_CFBundleDisplayName = "소복소복";
				INFOPLIST_KEY_UIApplicationSupportsIndirectInputEvents = YES;
				INFOPLIST_KEY_UILaunchStoryboardName = LaunchScreen;
				INFOPLIST_KEY_UISupportedInterfaceOrientations_iPad = "UIInterfaceOrientationPortrait UIInterfaceOrientationPortraitUpsideDown UIInterfaceOrientationLandscapeLeft UIInterfaceOrientationLandscapeRight";
				INFOPLIST_KEY_UISupportedInterfaceOrientations_iPhone = "UIInterfaceOrientationPortrait UIInterfaceOrientationLandscapeLeft UIInterfaceOrientationLandscapeRight";
				INFOPLIST_KEY_UIUserInterfaceStyle = Light;
				IPHONEOS_DEPLOYMENT_TARGET = 13.0;
				LD_RUNPATH_SEARCH_PATHS = (
					"$(inherited)",
					"@executable_path/Frameworks",
				);
				MARKETING_VERSION = 1.0;
				PRODUCT_BUNDLE_IDENTIFIER = com.sobokcorp.SobokSobok;
				PRODUCT_NAME = "$(TARGET_NAME)";
				SWIFT_EMIT_LOC_STRINGS = YES;
				SWIFT_VERSION = 5.0;
				TARGETED_DEVICE_FAMILY = 1;
			};
			name = Debug;
		};
		BD515E4B278770C7003BD5A4 /* Release */ = {
			isa = XCBuildConfiguration;
			buildSettings = {
				ASSETCATALOG_COMPILER_APPICON_NAME = AppIcon;
				ASSETCATALOG_COMPILER_GLOBAL_ACCENT_COLOR_NAME = AccentColor;
				CODE_SIGN_STYLE = Automatic;
				CURRENT_PROJECT_VERSION = 1;
				DEVELOPMENT_TEAM = W7P3R7ZL78;
				GENERATE_INFOPLIST_FILE = YES;
				INFOPLIST_FILE = SobokSobok/Support/Info.plist;
				INFOPLIST_KEY_CFBundleDisplayName = "소복소복";
				INFOPLIST_KEY_UIApplicationSupportsIndirectInputEvents = YES;
				INFOPLIST_KEY_UILaunchStoryboardName = LaunchScreen;
				INFOPLIST_KEY_UISupportedInterfaceOrientations_iPad = "UIInterfaceOrientationPortrait UIInterfaceOrientationPortraitUpsideDown UIInterfaceOrientationLandscapeLeft UIInterfaceOrientationLandscapeRight";
				INFOPLIST_KEY_UISupportedInterfaceOrientations_iPhone = "UIInterfaceOrientationPortrait UIInterfaceOrientationLandscapeLeft UIInterfaceOrientationLandscapeRight";
				INFOPLIST_KEY_UIUserInterfaceStyle = Light;
				IPHONEOS_DEPLOYMENT_TARGET = 13.0;
				LD_RUNPATH_SEARCH_PATHS = (
					"$(inherited)",
					"@executable_path/Frameworks",
				);
				MARKETING_VERSION = 1.0;
				PRODUCT_BUNDLE_IDENTIFIER = com.sobokcorp.SobokSobok;
				PRODUCT_NAME = "$(TARGET_NAME)";
				SWIFT_EMIT_LOC_STRINGS = YES;
				SWIFT_VERSION = 5.0;
				TARGETED_DEVICE_FAMILY = 1;
			};
			name = Release;
		};
/* End XCBuildConfiguration section */

/* Begin XCConfigurationList section */
		BD515E30278770C5003BD5A4 /* Build configuration list for PBXProject "SobokSobok" */ = {
			isa = XCConfigurationList;
			buildConfigurations = (
				BD515E47278770C7003BD5A4 /* Debug */,
				BD515E48278770C7003BD5A4 /* Release */,
			);
			defaultConfigurationIsVisible = 0;
			defaultConfigurationName = Release;
		};
		BD515E49278770C7003BD5A4 /* Build configuration list for PBXNativeTarget "SobokSobok" */ = {
			isa = XCConfigurationList;
			buildConfigurations = (
				BD515E4A278770C7003BD5A4 /* Debug */,
				BD515E4B278770C7003BD5A4 /* Release */,
			);
			defaultConfigurationIsVisible = 0;
			defaultConfigurationName = Release;
		};
/* End XCConfigurationList section */

/* Begin XCRemoteSwiftPackageReference section */
		BD515E8127877F0E003BD5A4 /* XCRemoteSwiftPackageReference "Moya" */ = {
			isa = XCRemoteSwiftPackageReference;
			repositoryURL = "https://github.com/Moya/Moya.git";
			requirement = {
				branch = master;
				kind = branch;
			};
		};
		BD515E8727877F9C003BD5A4 /* XCRemoteSwiftPackageReference "SnapKit" */ = {
			isa = XCRemoteSwiftPackageReference;
			repositoryURL = "https://github.com/SnapKit/SnapKit.git";
			requirement = {
				kind = upToNextMajorVersion;
				minimumVersion = 5.0.0;
			};
		};
		BD515E8A27877FAD003BD5A4 /* XCRemoteSwiftPackageReference "Kingfisher" */ = {
			isa = XCRemoteSwiftPackageReference;
			repositoryURL = "https://github.com/onevcat/Kingfisher.git";
			requirement = {
				kind = upToNextMajorVersion;
				minimumVersion = 7.0.0;
			};
		};
		BD515E8D27878093003BD5A4 /* XCRemoteSwiftPackageReference "IQKeyboardManager" */ = {
			isa = XCRemoteSwiftPackageReference;
			repositoryURL = "https://github.com/hackiftekhar/IQKeyboardManager.git";
			requirement = {
				branch = master;
				kind = branch;
			};
		};
		BD515E90278780EE003BD5A4 /* XCRemoteSwiftPackageReference "lottie-ios" */ = {
			isa = XCRemoteSwiftPackageReference;
			repositoryURL = "https://github.com/airbnb/lottie-ios.git";
			requirement = {
				kind = upToNextMajorVersion;
				minimumVersion = 3.0.0;
			};
		};
		BD515E9327878114003BD5A4 /* XCRemoteSwiftPackageReference "EasyKit" */ = {
			isa = XCRemoteSwiftPackageReference;
			repositoryURL = "https://github.com/Taehyeon-Kim/EasyKit.git";
			requirement = {
				branch = master;
				kind = branch;
			};
		};
		BDFE75D4278782AA00014BE1 /* XCRemoteSwiftPackageReference "firebase-ios-sdk" */ = {
			isa = XCRemoteSwiftPackageReference;
			repositoryURL = "https://github.com/firebase/firebase-ios-sdk.git";
			requirement = {
				kind = upToNextMajorVersion;
				minimumVersion = 8.0.0;
			};
		};
		BDFE75DC278786AE00014BE1 /* XCRemoteSwiftPackageReference "Then" */ = {
			isa = XCRemoteSwiftPackageReference;
			repositoryURL = "https://github.com/devxoul/Then.git";
			requirement = {
				kind = upToNextMajorVersion;
				minimumVersion = 2.0.0;
			};
		};
/* End XCRemoteSwiftPackageReference section */

/* Begin XCSwiftPackageProductDependency section */
		BD515E8227877F0E003BD5A4 /* Moya */ = {
			isa = XCSwiftPackageProductDependency;
			package = BD515E8127877F0E003BD5A4 /* XCRemoteSwiftPackageReference "Moya" */;
			productName = Moya;
		};
		BD515E8827877F9C003BD5A4 /* SnapKit */ = {
			isa = XCSwiftPackageProductDependency;
			package = BD515E8727877F9C003BD5A4 /* XCRemoteSwiftPackageReference "SnapKit" */;
			productName = SnapKit;
		};
		BD515E8B27877FAD003BD5A4 /* Kingfisher */ = {
			isa = XCSwiftPackageProductDependency;
			package = BD515E8A27877FAD003BD5A4 /* XCRemoteSwiftPackageReference "Kingfisher" */;
			productName = Kingfisher;
		};
		BD515E8E27878093003BD5A4 /* IQKeyboardManagerSwift */ = {
			isa = XCSwiftPackageProductDependency;
			package = BD515E8D27878093003BD5A4 /* XCRemoteSwiftPackageReference "IQKeyboardManager" */;
			productName = IQKeyboardManagerSwift;
		};
		BD515E91278780EE003BD5A4 /* Lottie */ = {
			isa = XCSwiftPackageProductDependency;
			package = BD515E90278780EE003BD5A4 /* XCRemoteSwiftPackageReference "lottie-ios" */;
			productName = Lottie;
		};
		BD515E9427878114003BD5A4 /* EasyKit */ = {
			isa = XCSwiftPackageProductDependency;
			package = BD515E9327878114003BD5A4 /* XCRemoteSwiftPackageReference "EasyKit" */;
			productName = EasyKit;
		};
		BDFE75D5278782AA00014BE1 /* FirebaseAnalytics */ = {
			isa = XCSwiftPackageProductDependency;
			package = BDFE75D4278782AA00014BE1 /* XCRemoteSwiftPackageReference "firebase-ios-sdk" */;
			productName = FirebaseAnalytics;
		};
		BDFE75D7278782AA00014BE1 /* FirebaseCrashlytics */ = {
			isa = XCSwiftPackageProductDependency;
			package = BDFE75D4278782AA00014BE1 /* XCRemoteSwiftPackageReference "firebase-ios-sdk" */;
			productName = FirebaseCrashlytics;
		};
		BDFE75DD278786AE00014BE1 /* Then */ = {
			isa = XCSwiftPackageProductDependency;
			package = BDFE75DC278786AE00014BE1 /* XCRemoteSwiftPackageReference "Then" */;
			productName = Then;
		};
/* End XCSwiftPackageProductDependency section */
	};
	rootObject = BD515E2D278770C5003BD5A4 /* Project object */;
}
